
Microsoft Visual Studio Solution File, Format Version 12.00
# Visual Studio 15
VisualStudioVersion = 15.0.27004.2006
MinimumVisualStudioVersion = 10.0.40219.1
Project("{FAE04EC0-301F-11D3-BF4B-00C04F79EFBC}") = "MyDiary", "MyDiary\MyDiary\MyDiary.csproj", "{E68431BD-BA45-43F1-9EEE-32FF45EAEC18}"
EndProject
Project("{FAE04EC0-301F-11D3-BF4B-00C04F79EFBC}") = "MyDiary.Android", "MyDiary\MyDiary.Android\MyDiary.Android.csproj", "{036E859F-04C4-4299-89FC-EDCACE997373}"
EndProject
Project("{FAE04EC0-301F-11D3-BF4B-00C04F79EFBC}") = "MyDiary.iOS", "MyDiary\MyDiary.iOS\MyDiary.iOS.csproj", "{33A404E5-9023-4353-AC5F-8BBAE58C1B66}"
EndProject
Project("{FAE04EC0-301F-11D3-BF4B-00C04F79EFBC}") = "MyDiary.UWP", "MyDiary\MyDiary.UWP\MyDiary.UWP.csproj", "{6F5D3E87-2C88-475D-8CAD-27C68EDD3239}"
EndProject
Global
	GlobalSection(SolutionConfigurationPlatforms) = preSolution
		Debug|Any CPU = Debug|Any CPU
		Debug|ARM = Debug|ARM
		Debug|iPhone = Debug|iPhone
		Debug|iPhoneSimulator = Debug|iPhoneSimulator
		Debug|x64 = Debug|x64
		Debug|x86 = Debug|x86
		Release|Any CPU = Release|Any CPU
		Release|ARM = Release|ARM
		Release|iPhone = Release|iPhone
		Release|iPhoneSimulator = Release|iPhoneSimulator
		Release|x64 = Release|x64
		Release|x86 = Release|x86
	EndGlobalSection
	GlobalSection(ProjectConfigurationPlatforms) = postSolution
		{E68431BD-BA45-43F1-9EEE-32FF45EAEC18}.Debug|Any CPU.ActiveCfg = Debug|Any CPU
		{E68431BD-BA45-43F1-9EEE-32FF45EAEC18}.Debug|Any CPU.Build.0 = Debug|Any CPU
		{E68431BD-BA45-43F1-9EEE-32FF45EAEC18}.Debug|ARM.ActiveCfg = Debug|Any CPU
		{E68431BD-BA45-43F1-9EEE-32FF45EAEC18}.Debug|ARM.Build.0 = Debug|Any CPU
		{E68431BD-BA45-43F1-9EEE-32FF45EAEC18}.Debug|iPhone.ActiveCfg = Debug|Any CPU
		{E68431BD-BA45-43F1-9EEE-32FF45EAEC18}.Debug|iPhone.Build.0 = Debug|Any CPU
		{E68431BD-BA45-43F1-9EEE-32FF45EAEC18}.Debug|iPhoneSimulator.ActiveCfg = Debug|Any CPU
		{E68431BD-BA45-43F1-9EEE-32FF45EAEC18}.Debug|iPhoneSimulator.Build.0 = Debug|Any CPU
		{E68431BD-BA45-43F1-9EEE-32FF45EAEC18}.Debug|x64.ActiveCfg = Debug|Any CPU
		{E68431BD-BA45-43F1-9EEE-32FF45EAEC18}.Debug|x64.Build.0 = Debug|Any CPU
		{E68431BD-BA45-43F1-9EEE-32FF45EAEC18}.Debug|x86.ActiveCfg = Debug|Any CPU
		{E68431BD-BA45-43F1-9EEE-32FF45EAEC18}.Debug|x86.Build.0 = Debug|Any CPU
		{E68431BD-BA45-43F1-9EEE-32FF45EAEC18}.Release|Any CPU.ActiveCfg = Release|Any CPU
		{E68431BD-BA45-43F1-9EEE-32FF45EAEC18}.Release|Any CPU.Build.0 = Release|Any CPU
		{E68431BD-BA45-43F1-9EEE-32FF45EAEC18}.Release|ARM.ActiveCfg = Release|Any CPU
		{E68431BD-BA45-43F1-9EEE-32FF45EAEC18}.Release|ARM.Build.0 = Release|Any CPU
		{E68431BD-BA45-43F1-9EEE-32FF45EAEC18}.Release|iPhone.ActiveCfg = Release|Any CPU
		{E68431BD-BA45-43F1-9EEE-32FF45EAEC18}.Release|iPhone.Build.0 = Release|Any CPU
		{E68431BD-BA45-43F1-9EEE-32FF45EAEC18}.Release|iPhoneSimulator.ActiveCfg = Release|Any CPU
		{E68431BD-BA45-43F1-9EEE-32FF45EAEC18}.Release|iPhoneSimulator.Build.0 = Release|Any CPU
		{E68431BD-BA45-43F1-9EEE-32FF45EAEC18}.Release|x64.ActiveCfg = Release|Any CPU
		{E68431BD-BA45-43F1-9EEE-32FF45EAEC18}.Release|x64.Build.0 = Release|Any CPU
		{E68431BD-BA45-43F1-9EEE-32FF45EAEC18}.Release|x86.ActiveCfg = Release|Any CPU
		{E68431BD-BA45-43F1-9EEE-32FF45EAEC18}.Release|x86.Build.0 = Release|Any CPU
		{036E859F-04C4-4299-89FC-EDCACE997373}.Debug|Any CPU.ActiveCfg = Debug|Any CPU
		{036E859F-04C4-4299-89FC-EDCACE997373}.Debug|Any CPU.Build.0 = Debug|Any CPU
		{036E859F-04C4-4299-89FC-EDCACE997373}.Debug|Any CPU.Deploy.0 = Debug|Any CPU
		{036E859F-04C4-4299-89FC-EDCACE997373}.Debug|ARM.ActiveCfg = Debug|Any CPU
		{036E859F-04C4-4299-89FC-EDCACE997373}.Debug|ARM.Build.0 = Debug|Any CPU
		{036E859F-04C4-4299-89FC-EDCACE997373}.Debug|ARM.Deploy.0 = Debug|Any CPU
		{036E859F-04C4-4299-89FC-EDCACE997373}.Debug|iPhone.ActiveCfg = Debug|Any CPU
		{036E859F-04C4-4299-89FC-EDCACE997373}.Debug|iPhone.Build.0 = Debug|Any CPU
		{036E859F-04C4-4299-89FC-EDCACE997373}.Debug|iPhone.Deploy.0 = Debug|Any CPU
		{036E859F-04C4-4299-89FC-EDCACE997373}.Debug|iPhoneSimulator.ActiveCfg = Debug|Any CPU
		{036E859F-04C4-4299-89FC-EDCACE997373}.Debug|iPhoneSimulator.Build.0 = Debug|Any CPU
		{036E859F-04C4-4299-89FC-EDCACE997373}.Debug|iPhoneSimulator.Deploy.0 = Debug|Any CPU
		{036E859F-04C4-4299-89FC-EDCACE997373}.Debug|x64.ActiveCfg = Debug|Any CPU
		{036E859F-04C4-4299-89FC-EDCACE997373}.Debug|x64.Build.0 = Debug|Any CPU
		{036E859F-04C4-4299-89FC-EDCACE997373}.Debug|x64.Deploy.0 = Debug|Any CPU
		{036E859F-04C4-4299-89FC-EDCACE997373}.Debug|x86.ActiveCfg = Debug|Any CPU
		{036E859F-04C4-4299-89FC-EDCACE997373}.Debug|x86.Build.0 = Debug|Any CPU
		{036E859F-04C4-4299-89FC-EDCACE997373}.Debug|x86.Deploy.0 = Debug|Any CPU
		{036E859F-04C4-4299-89FC-EDCACE997373}.Release|Any CPU.ActiveCfg = Release|Any CPU
		{036E859F-04C4-4299-89FC-EDCACE997373}.Release|Any CPU.Build.0 = Release|Any CPU
		{036E859F-04C4-4299-89FC-EDCACE997373}.Release|Any CPU.Deploy.0 = Release|Any CPU
		{036E859F-04C4-4299-89FC-EDCACE997373}.Release|ARM.ActiveCfg = Release|Any CPU
		{036E859F-04C4-4299-89FC-EDCACE997373}.Release|ARM.Build.0 = Release|Any CPU
		{036E859F-04C4-4299-89FC-EDCACE997373}.Release|ARM.Deploy.0 = Release|Any CPU
		{036E859F-04C4-4299-89FC-EDCACE997373}.Release|iPhone.ActiveCfg = Release|Any CPU
		{036E859F-04C4-4299-89FC-EDCACE997373}.Release|iPhone.Build.0 = Release|Any CPU
		{036E859F-04C4-4299-89FC-EDCACE997373}.Release|iPhone.Deploy.0 = Release|Any CPU
		{036E859F-04C4-4299-89FC-EDCACE997373}.Release|iPhoneSimulator.ActiveCfg = Release|Any CPU
		{036E859F-04C4-4299-89FC-EDCACE997373}.Release|iPhoneSimulator.Build.0 = Release|Any CPU
		{036E859F-04C4-4299-89FC-EDCACE997373}.Release|iPhoneSimulator.Deploy.0 = Release|Any CPU
		{036E859F-04C4-4299-89FC-EDCACE997373}.Release|x64.ActiveCfg = Release|Any CPU
		{036E859F-04C4-4299-89FC-EDCACE997373}.Release|x64.Build.0 = Release|Any CPU
		{036E859F-04C4-4299-89FC-EDCACE997373}.Release|x64.Deploy.0 = Release|Any CPU
		{036E859F-04C4-4299-89FC-EDCACE997373}.Release|x86.ActiveCfg = Release|Any CPU
		{036E859F-04C4-4299-89FC-EDCACE997373}.Release|x86.Build.0 = Release|Any CPU
		{036E859F-04C4-4299-89FC-EDCACE997373}.Release|x86.Deploy.0 = Release|Any CPU
		{33A404E5-9023-4353-AC5F-8BBAE58C1B66}.Debug|Any CPU.ActiveCfg = Debug|iPhoneSimulator
		{33A404E5-9023-4353-AC5F-8BBAE58C1B66}.Debug|ARM.ActiveCfg = Debug|iPhone
		{33A404E5-9023-4353-AC5F-8BBAE58C1B66}.Debug|iPhone.ActiveCfg = Debug|iPhone
		{33A404E5-9023-4353-AC5F-8BBAE58C1B66}.Debug|iPhone.Build.0 = Debug|iPhone
		{33A404E5-9023-4353-AC5F-8BBAE58C1B66}.Debug|iPhoneSimulator.ActiveCfg = Debug|iPhoneSimulator
		{33A404E5-9023-4353-AC5F-8BBAE58C1B66}.Debug|iPhoneSimulator.Build.0 = Debug|iPhoneSimulator
		{33A404E5-9023-4353-AC5F-8BBAE58C1B66}.Debug|x64.ActiveCfg = Debug|iPhone
		{33A404E5-9023-4353-AC5F-8BBAE58C1B66}.Debug|x86.ActiveCfg = Debug|iPhone
		{33A404E5-9023-4353-AC5F-8BBAE58C1B66}.Release|Any CPU.ActiveCfg = Release|iPhoneSimulator
		{33A404E5-9023-4353-AC5F-8BBAE58C1B66}.Release|ARM.ActiveCfg = Release|iPhone
		{33A404E5-9023-4353-AC5F-8BBAE58C1B66}.Release|iPhone.ActiveCfg = Release|iPhone
		{33A404E5-9023-4353-AC5F-8BBAE58C1B66}.Release|iPhone.Build.0 = Release|iPhone
		{33A404E5-9023-4353-AC5F-8BBAE58C1B66}.Release|iPhoneSimulator.ActiveCfg = Release|iPhoneSimulator
		{33A404E5-9023-4353-AC5F-8BBAE58C1B66}.Release|iPhoneSimulator.Build.0 = Release|iPhoneSimulator
		{33A404E5-9023-4353-AC5F-8BBAE58C1B66}.Release|x64.ActiveCfg = Release|iPhone
		{33A404E5-9023-4353-AC5F-8BBAE58C1B66}.Release|x86.ActiveCfg = Release|iPhone
		{6F5D3E87-2C88-475D-8CAD-27C68EDD3239}.Debug|Any CPU.ActiveCfg = Debug|x86
		{6F5D3E87-2C88-475D-8CAD-27C68EDD3239}.Debug|ARM.ActiveCfg = Debug|ARM
		{6F5D3E87-2C88-475D-8CAD-27C68EDD3239}.Debug|ARM.Build.0 = Debug|ARM
		{6F5D3E87-2C88-475D-8CAD-27C68EDD3239}.Debug|ARM.Deploy.0 = Debug|ARM
		{6F5D3E87-2C88-475D-8CAD-27C68EDD3239}.Debug|iPhone.ActiveCfg = Debug|x86
		{6F5D3E87-2C88-475D-8CAD-27C68EDD3239}.Debug|iPhoneSimulator.ActiveCfg = Debug|x86
		{6F5D3E87-2C88-475D-8CAD-27C68EDD3239}.Debug|x64.ActiveCfg = Debug|x64
		{6F5D3E87-2C88-475D-8CAD-27C68EDD3239}.Debug|x64.Build.0 = Debug|x64
		{6F5D3E87-2C88-475D-8CAD-27C68EDD3239}.Debug|x64.Deploy.0 = Debug|x64
		{6F5D3E87-2C88-475D-8CAD-27C68EDD3239}.Debug|x86.ActiveCfg = Debug|x86
		{6F5D3E87-2C88-475D-8CAD-27C68EDD3239}.Debug|x86.Build.0 = Debug|x86
		{6F5D3E87-2C88-475D-8CAD-27C68EDD3239}.Debug|x86.Deploy.0 = Debug|x86
		{6F5D3E87-2C88-475D-8CAD-27C68EDD3239}.Release|Any CPU.ActiveCfg = Release|x86
		{6F5D3E87-2C88-475D-8CAD-27C68EDD3239}.Release|ARM.ActiveCfg = Release|ARM
		{6F5D3E87-2C88-475D-8CAD-27C68EDD3239}.Release|ARM.Build.0 = Release|ARM
		{6F5D3E87-2C88-475D-8CAD-27C68EDD3239}.Release|ARM.Deploy.0 = Release|ARM
		{6F5D3E87-2C88-475D-8CAD-27C68EDD3239}.Release|iPhone.ActiveCfg = Release|x86
		{6F5D3E87-2C88-475D-8CAD-27C68EDD3239}.Release|iPhoneSimulator.ActiveCfg = Release|x86
		{6F5D3E87-2C88-475D-8CAD-27C68EDD3239}.Release|x64.ActiveCfg = Release|x64
		{6F5D3E87-2C88-475D-8CAD-27C68EDD3239}.Release|x64.Build.0 = Release|x64
		{6F5D3E87-2C88-475D-8CAD-27C68EDD3239}.Release|x64.Deploy.0 = Release|x64
		{6F5D3E87-2C88-475D-8CAD-27C68EDD3239}.Release|x86.ActiveCfg = Release|x86
		{6F5D3E87-2C88-475D-8CAD-27C68EDD3239}.Release|x86.Build.0 = Release|x86
		{6F5D3E87-2C88-475D-8CAD-27C68EDD3239}.Release|x86.Deploy.0 = Release|x86
	EndGlobalSection
	GlobalSection(SolutionProperties) = preSolution
		HideSolutionNode = FALSE
	EndGlobalSection
	GlobalSection(ExtensibilityGlobals) = postSolution
		SolutionGuid = {6A5F4522-42D2-4CDB-84DA-F6D2CC876548}
	EndGlobalSection
EndGlobal
